
Microsoft Visual Studio Solution File, Format Version 12.00
# Visual Studio Version 17
VisualStudioVersion = 17.10.34928.147
MinimumVisualStudioVersion = 10.0.40219.1
Project("{9A19103F-16F7-4668-BE54-9A1E7A4F7556}") = "GameServer", "GameServer\GameServer.csproj", "{78584DDD-B5DC-42E7-8E7C-06D55E6DDD11}"
EndProject
Project("{FAE04EC0-301F-11D3-BF4B-00C04F79EFBC}") = "Test", "Test\Test.csproj", "{2DE29283-B808-4F29-AF1C-E95ECB8A4056}"
EndProject
Global
	GlobalSection(SolutionConfigurationPlatforms) = preSolution
		Debug|Any CPU = Debug|Any CPU
		Release|Any CPU = Release|Any CPU
	EndGlobalSection
	GlobalSection(ProjectConfigurationPlatforms) = postSolution
		{78584DDD-B5DC-42E7-8E7C-06D55E6DDD11}.Debug|Any CPU.ActiveCfg = Debug|Any CPU
		{78584DDD-B5DC-42E7-8E7C-06D55E6DDD11}.Debug|Any CPU.Build.0 = Debug|Any CPU
		{78584DDD-B5DC-42E7-8E7C-06D55E6DDD11}.Release|Any CPU.ActiveCfg = Release|Any CPU
		{78584DDD-B5DC-42E7-8E7C-06D55E6DDD11}.Release|Any CPU.Build.0 = Release|Any CPU
		{2DE29283-B808-4F29-AF1C-E95ECB8A4056}.Debug|Any CPU.ActiveCfg = Debug|Any CPU
		{2DE29283-B808-4F29-AF1C-E95ECB8A4056}.Debug|Any CPU.Build.0 = Debug|Any CPU
		{2DE29283-B808-4F29-AF1C-E95ECB8A4056}.Release|Any CPU.ActiveCfg = Release|Any CPU
		{2DE29283-B808-4F29-AF1C-E95ECB8A4056}.Release|Any CPU.Build.0 = Release|Any CPU
	EndGlobalSection
	GlobalSection(SolutionProperties) = preSolution
		HideSolutionNode = FALSE
	EndGlobalSection
	GlobalSection(ExtensibilityGlobals) = postSolution
		SolutionGuid = {73659C16-CE69-4882-BCB0-D62B2C156CEA}
	EndGlobalSection
EndGlobal
